
Microsoft Visual Studio Solution File, Format Version 12.00
# Visual Studio Version 16
VisualStudioVersion = 16.0.30225.117
MinimumVisualStudioVersion = 10.0.40219.1
Project("{FAE04EC0-301F-11D3-BF4B-00C04F79EFBC}") = "Client", "Client\Client.csproj", "{D89400C2-7C29-4210-B58A-6341B5D2597B}"
EndProject
Project("{FAE04EC0-301F-11D3-BF4B-00C04F79EFBC}") = "Server.Application", "Server\Server.Application.csproj", "{8B7D0416-0ACA-4A5F-B1CE-C151E74C5206}"
EndProject
Project("{FAE04EC0-301F-11D3-BF4B-00C04F79EFBC}") = "Shared.CrossCutting", "GF.CrossCutting\Shared.CrossCutting.csproj", "{57F6196D-3B31-42A4-B63D-F336F243A9BA}"
EndProject
Project("{FAE04EC0-301F-11D3-BF4B-00C04F79EFBC}") = "Server.Domain", "Server.Domain\Server.Domain.csproj", "{35362E8E-2B61-49BF-B46F-AFC21AF298C0}"
EndProject
Project("{FAE04EC0-301F-11D3-BF4B-00C04F79EFBC}") = "Server.Database", "Server.Database\Server.Database.csproj", "{2E295D5E-1FDD-4F2E-B090-7620E49B37F1}"
EndProject
Global
	GlobalSection(SolutionConfigurationPlatforms) = preSolution
		Debug|Any CPU = Debug|Any CPU
		Release|Any CPU = Release|Any CPU
	EndGlobalSection
	GlobalSection(ProjectConfigurationPlatforms) = postSolution
		{D89400C2-7C29-4210-B58A-6341B5D2597B}.Debug|Any CPU.ActiveCfg = Debug|Any CPU
		{D89400C2-7C29-4210-B58A-6341B5D2597B}.Debug|Any CPU.Build.0 = Debug|Any CPU
		{D89400C2-7C29-4210-B58A-6341B5D2597B}.Release|Any CPU.ActiveCfg = Release|Any CPU
		{D89400C2-7C29-4210-B58A-6341B5D2597B}.Release|Any CPU.Build.0 = Release|Any CPU
		{8B7D0416-0ACA-4A5F-B1CE-C151E74C5206}.Debug|Any CPU.ActiveCfg = Debug|Any CPU
		{8B7D0416-0ACA-4A5F-B1CE-C151E74C5206}.Debug|Any CPU.Build.0 = Debug|Any CPU
		{8B7D0416-0ACA-4A5F-B1CE-C151E74C5206}.Release|Any CPU.ActiveCfg = Release|Any CPU
		{8B7D0416-0ACA-4A5F-B1CE-C151E74C5206}.Release|Any CPU.Build.0 = Release|Any CPU
		{57F6196D-3B31-42A4-B63D-F336F243A9BA}.Debug|Any CPU.ActiveCfg = Debug|Any CPU
		{57F6196D-3B31-42A4-B63D-F336F243A9BA}.Debug|Any CPU.Build.0 = Debug|Any CPU
		{57F6196D-3B31-42A4-B63D-F336F243A9BA}.Release|Any CPU.ActiveCfg = Release|Any CPU
		{57F6196D-3B31-42A4-B63D-F336F243A9BA}.Release|Any CPU.Build.0 = Release|Any CPU
		{35362E8E-2B61-49BF-B46F-AFC21AF298C0}.Debug|Any CPU.ActiveCfg = Debug|Any CPU
		{35362E8E-2B61-49BF-B46F-AFC21AF298C0}.Debug|Any CPU.Build.0 = Debug|Any CPU
		{35362E8E-2B61-49BF-B46F-AFC21AF298C0}.Release|Any CPU.ActiveCfg = Release|Any CPU
		{35362E8E-2B61-49BF-B46F-AFC21AF298C0}.Release|Any CPU.Build.0 = Release|Any CPU
		{2E295D5E-1FDD-4F2E-B090-7620E49B37F1}.Debug|Any CPU.ActiveCfg = Debug|Any CPU
		{2E295D5E-1FDD-4F2E-B090-7620E49B37F1}.Debug|Any CPU.Build.0 = Debug|Any CPU
		{2E295D5E-1FDD-4F2E-B090-7620E49B37F1}.Release|Any CPU.ActiveCfg = Release|Any CPU
		{2E295D5E-1FDD-4F2E-B090-7620E49B37F1}.Release|Any CPU.Build.0 = Release|Any CPU
	EndGlobalSection
	GlobalSection(SolutionProperties) = preSolution
		HideSolutionNode = FALSE
	EndGlobalSection
	GlobalSection(ExtensibilityGlobals) = postSolution
		SolutionGuid = {5915D86F-20E3-40E1-8616-206668C068C1}
	EndGlobalSection
EndGlobal
